
Microsoft Visual Studio Solution File, Format Version 12.00
# Visual Studio Version 17
VisualStudioVersion = 17.2.32526.322
MinimumVisualStudioVersion = 10.0.40219.1
Project("{FAE04EC0-301F-11D3-BF4B-00C04F79EFBC}") = "ath-p4-proj2", "ath-p4-proj2\ath-p4-proj2.csproj", "{ACBBDCDC-905E-4016-9F2A-F7D4FC1818EA}"
EndProject
Global
	GlobalSection(SolutionConfigurationPlatforms) = preSolution
		Debug|Any CPU = Debug|Any CPU
		Release|Any CPU = Release|Any CPU
	EndGlobalSection
	GlobalSection(ProjectConfigurationPlatforms) = postSolution
		{ACBBDCDC-905E-4016-9F2A-F7D4FC1818EA}.Debug|Any CPU.ActiveCfg = Debug|Any CPU
		{ACBBDCDC-905E-4016-9F2A-F7D4FC1818EA}.Debug|Any CPU.Build.0 = Debug|Any CPU
		{ACBBDCDC-905E-4016-9F2A-F7D4FC1818EA}.Release|Any CPU.ActiveCfg = Release|Any CPU
		{ACBBDCDC-905E-4016-9F2A-F7D4FC1818EA}.Release|Any CPU.Build.0 = Release|Any CPU
	EndGlobalSection
	GlobalSection(SolutionProperties) = preSolution
		HideSolutionNode = FALSE
	EndGlobalSection
	GlobalSection(ExtensibilityGlobals) = postSolution
		SolutionGuid = {B41ECCAC-502C-434C-8DE1-C0AAE28413C6}
	EndGlobalSection
EndGlobal
